
Microsoft Visual Studio Solution File, Format Version 12.00
# Visual Studio 15
VisualStudioVersion = 15.0.28307.136
MinimumVisualStudioVersion = 10.0.40219.1
Project("{FAE04EC0-301F-11D3-BF4B-00C04F79EFBC}") = "Finance Fitness.iOS", "Finance Fitness\Finance Fitness.iOS\Finance Fitness.iOS.csproj", "{F6DE753B-F0CB-453B-923C-A108F3DE0872}"
EndProject
Project("{FAE04EC0-301F-11D3-BF4B-00C04F79EFBC}") = "Finance Fitness", "Finance Fitness\Finance Fitness\Finance Fitness.csproj", "{5C4D486E-AB2D-4D5F-81AA-BF5D1D7A0F98}"
EndProject
Global
	GlobalSection(SolutionConfigurationPlatforms) = preSolution
		Ad-Hoc|Any CPU = Ad-Hoc|Any CPU
		Ad-Hoc|iPhone = Ad-Hoc|iPhone
		Ad-Hoc|iPhoneSimulator = Ad-Hoc|iPhoneSimulator
		AppStore|Any CPU = AppStore|Any CPU
		AppStore|iPhone = AppStore|iPhone
		AppStore|iPhoneSimulator = AppStore|iPhoneSimulator
		Debug|Any CPU = Debug|Any CPU
		Debug|iPhone = Debug|iPhone
		Debug|iPhoneSimulator = Debug|iPhoneSimulator
		Release|Any CPU = Release|Any CPU
		Release|iPhone = Release|iPhone
		Release|iPhoneSimulator = Release|iPhoneSimulator
	EndGlobalSection
	GlobalSection(ProjectConfigurationPlatforms) = postSolution
		{F6DE753B-F0CB-453B-923C-A108F3DE0872}.Ad-Hoc|Any CPU.ActiveCfg = Ad-Hoc|iPhone
		{F6DE753B-F0CB-453B-923C-A108F3DE0872}.Ad-Hoc|iPhone.ActiveCfg = Ad-Hoc|iPhone
		{F6DE753B-F0CB-453B-923C-A108F3DE0872}.Ad-Hoc|iPhone.Build.0 = Ad-Hoc|iPhone
		{F6DE753B-F0CB-453B-923C-A108F3DE0872}.Ad-Hoc|iPhoneSimulator.ActiveCfg = Ad-Hoc|iPhoneSimulator
		{F6DE753B-F0CB-453B-923C-A108F3DE0872}.Ad-Hoc|iPhoneSimulator.Build.0 = Ad-Hoc|iPhoneSimulator
		{F6DE753B-F0CB-453B-923C-A108F3DE0872}.AppStore|Any CPU.ActiveCfg = AppStore|iPhone
		{F6DE753B-F0CB-453B-923C-A108F3DE0872}.AppStore|iPhone.ActiveCfg = AppStore|iPhone
		{F6DE753B-F0CB-453B-923C-A108F3DE0872}.AppStore|iPhone.Build.0 = AppStore|iPhone
		{F6DE753B-F0CB-453B-923C-A108F3DE0872}.AppStore|iPhoneSimulator.ActiveCfg = AppStore|iPhoneSimulator
		{F6DE753B-F0CB-453B-923C-A108F3DE0872}.AppStore|iPhoneSimulator.Build.0 = AppStore|iPhoneSimulator
		{F6DE753B-F0CB-453B-923C-A108F3DE0872}.Debug|Any CPU.ActiveCfg = Debug|iPhone
		{F6DE753B-F0CB-453B-923C-A108F3DE0872}.Debug|iPhone.ActiveCfg = Debug|iPhone
		{F6DE753B-F0CB-453B-923C-A108F3DE0872}.Debug|iPhone.Build.0 = Debug|iPhone
		{F6DE753B-F0CB-453B-923C-A108F3DE0872}.Debug|iPhoneSimulator.ActiveCfg = Debug|iPhoneSimulator
		{F6DE753B-F0CB-453B-923C-A108F3DE0872}.Debug|iPhoneSimulator.Build.0 = Debug|iPhoneSimulator
		{F6DE753B-F0CB-453B-923C-A108F3DE0872}.Release|Any CPU.ActiveCfg = Release|iPhone
		{F6DE753B-F0CB-453B-923C-A108F3DE0872}.Release|iPhone.ActiveCfg = Release|iPhone
		{F6DE753B-F0CB-453B-923C-A108F3DE0872}.Release|iPhone.Build.0 = Release|iPhone
		{F6DE753B-F0CB-453B-923C-A108F3DE0872}.Release|iPhoneSimulator.ActiveCfg = Release|iPhoneSimulator
		{F6DE753B-F0CB-453B-923C-A108F3DE0872}.Release|iPhoneSimulator.Build.0 = Release|iPhoneSimulator
		{5C4D486E-AB2D-4D5F-81AA-BF5D1D7A0F98}.Ad-Hoc|Any CPU.ActiveCfg = Debug|Any CPU
		{5C4D486E-AB2D-4D5F-81AA-BF5D1D7A0F98}.Ad-Hoc|Any CPU.Build.0 = Debug|Any CPU
		{5C4D486E-AB2D-4D5F-81AA-BF5D1D7A0F98}.Ad-Hoc|iPhone.ActiveCfg = Debug|Any CPU
		{5C4D486E-AB2D-4D5F-81AA-BF5D1D7A0F98}.Ad-Hoc|iPhone.Build.0 = Debug|Any CPU
		{5C4D486E-AB2D-4D5F-81AA-BF5D1D7A0F98}.Ad-Hoc|iPhoneSimulator.ActiveCfg = Debug|Any CPU
		{5C4D486E-AB2D-4D5F-81AA-BF5D1D7A0F98}.Ad-Hoc|iPhoneSimulator.Build.0 = Debug|Any CPU
		{5C4D486E-AB2D-4D5F-81AA-BF5D1D7A0F98}.AppStore|Any CPU.ActiveCfg = Debug|Any CPU
		{5C4D486E-AB2D-4D5F-81AA-BF5D1D7A0F98}.AppStore|Any CPU.Build.0 = Debug|Any CPU
		{5C4D486E-AB2D-4D5F-81AA-BF5D1D7A0F98}.AppStore|iPhone.ActiveCfg = Debug|Any CPU
		{5C4D486E-AB2D-4D5F-81AA-BF5D1D7A0F98}.AppStore|iPhone.Build.0 = Debug|Any CPU
		{5C4D486E-AB2D-4D5F-81AA-BF5D1D7A0F98}.AppStore|iPhoneSimulator.ActiveCfg = Debug|Any CPU
		{5C4D486E-AB2D-4D5F-81AA-BF5D1D7A0F98}.AppStore|iPhoneSimulator.Build.0 = Debug|Any CPU
		{5C4D486E-AB2D-4D5F-81AA-BF5D1D7A0F98}.Debug|Any CPU.ActiveCfg = Debug|Any CPU
		{5C4D486E-AB2D-4D5F-81AA-BF5D1D7A0F98}.Debug|Any CPU.Build.0 = Debug|Any CPU
		{5C4D486E-AB2D-4D5F-81AA-BF5D1D7A0F98}.Debug|iPhone.ActiveCfg = Debug|Any CPU
		{5C4D486E-AB2D-4D5F-81AA-BF5D1D7A0F98}.Debug|iPhone.Build.0 = Debug|Any CPU
		{5C4D486E-AB2D-4D5F-81AA-BF5D1D7A0F98}.Debug|iPhoneSimulator.ActiveCfg = Debug|Any CPU
		{5C4D486E-AB2D-4D5F-81AA-BF5D1D7A0F98}.Debug|iPhoneSimulator.Build.0 = Debug|Any CPU
		{5C4D486E-AB2D-4D5F-81AA-BF5D1D7A0F98}.Release|Any CPU.ActiveCfg = Release|Any CPU
		{5C4D486E-AB2D-4D5F-81AA-BF5D1D7A0F98}.Release|Any CPU.Build.0 = Release|Any CPU
		{5C4D486E-AB2D-4D5F-81AA-BF5D1D7A0F98}.Release|iPhone.ActiveCfg = Release|Any CPU
		{5C4D486E-AB2D-4D5F-81AA-BF5D1D7A0F98}.Release|iPhone.Build.0 = Release|Any CPU
		{5C4D486E-AB2D-4D5F-81AA-BF5D1D7A0F98}.Release|iPhoneSimulator.ActiveCfg = Release|Any CPU
		{5C4D486E-AB2D-4D5F-81AA-BF5D1D7A0F98}.Release|iPhoneSimulator.Build.0 = Release|Any CPU
	EndGlobalSection
	GlobalSection(SolutionProperties) = preSolution
		HideSolutionNode = FALSE
	EndGlobalSection
	GlobalSection(ExtensibilityGlobals) = postSolution
		SolutionGuid = {994343A7-591F-4F11-8208-FAAE651DDAE7}
	EndGlobalSection
EndGlobal
